{
  "name": "di-ts",
  "version": "1.0.0",
  "lockfileVersion": 1,
  "requires": true,
  "dependencies": {
    "@types/node": {
      "version": "13.9.1",
      "resolved": "https://registry.npmjs.org/@types/node/-/node-13.9.1.tgz",
      "integrity": "sha512-E6M6N0blf/jiZx8Q3nb0vNaswQeEyn0XlupO+xN6DtJ6r6IT4nXrTry7zhIfYvFCl3/8Cu6WIysmUBKiqV0bqQ=="
    },
    "@types/reflect-metadata": {
      "version": "0.1.0",
      "resolved": "https://registry.npmjs.org/@types/reflect-metadata/-/reflect-metadata-0.1.0.tgz",
      "integrity": "sha512-bXltFLY3qhzCnVYP5iUpeSICagQ8rc9K2liS+8M0lBcz54BHs3O6W5UvqespVSuebo1BXLi+/y9ioELAW9SC2A==",
      "requires": {
        "reflect-metadata": "*"
      }
    },
    "inversify": {
      "version": "5.0.1",
      "resolved": "https://registry.npmjs.org/inversify/-/inversify-5.0.1.tgz",
      "integrity": "sha512-Ieh06s48WnEYGcqHepdsJUIJUXpwH5o5vodAX+DK2JA/gjy4EbEcQZxw+uFfzysmKjiLXGYwNG3qDZsKVMcINQ=="
    },
    "reflect-metadata": {
      "version": "0.1.13",
      "resolved": "https://registry.npmjs.org/reflect-metadata/-/reflect-metadata-0.1.13.tgz",
      "integrity": "sha512-Ts1Y/anZELhSsjMcU605fU9RE4Oi3p5ORujwbIKXfWa+0Zxs510Qrmrce5/Jowq3cHSZSJqBjypxmHarc+vEWg=="
    },
    "typescript": {
      "version": "3.8.3",
      "resolved": "https://registry.npmjs.org/typescript/-/typescript-3.8.3.tgz",
      "integrity": "sha512-MYlEfn5VrLNsgudQTVJeNaQFUAI7DkhnOjdpAp4T+ku1TfQClewlbSuTVHiA+8skNBgaf02TL/kLOvig4y3G8w=="
    }
  }
}
